schema: '2.0'
stages:
  data_collection:
    cmd: python src/data/data_collection.py
    deps:
    - path: src/data/data_collection.py
      hash: md5
      md5: 2495ae336ec41173267fdfe3864079a2
      size: 1921
    params:
      params.yaml:
        data_collection.seed: 42
        data_collection.test_size: 0.2
    outs:
    - path: data/raw
      hash: md5
      md5: 7a5fb70827c0b2b33ed170c67dd9e587.dir
      size: 344818
      nfiles: 2
  proprocessing:
    cmd: python src/data/data_prep.py
    deps:
    - path: data/raw
      hash: md5
      md5: 7a5fb70827c0b2b33ed170c67dd9e587.dir
      size: 344818
      nfiles: 2
    - path: src/data/data_prep.py
      hash: md5
      md5: d05df6b5f87a6cfc32942bac70760e63
      size: 1492
    outs:
    - path: data/processed
      hash: md5
      md5: a397a64a69cccc89c10ada6af33db655.dir
      size: 361642
      nfiles: 2
  model_building:
    cmd: python src/model/model_building.py
    deps:
    - path: data/processed
      hash: md5
      md5: a397a64a69cccc89c10ada6af33db655.dir
      size: 361642
      nfiles: 2
    - path: src/model/model_building.py
      hash: md5
      md5: f3ff326fa5bd238db73713c49f9d2911
      size: 1981
    params:
      params.yaml:
        model_building.n_estimators: 100
    outs:
    - path: models/model.pkl
      hash: md5
      md5: 57412d4fae398d43551c52ed7f0bc625
      size: 7373427
  model_eval:
    cmd: python src/model/model_eval.py
    deps:
    - path: models/model.pkl
      hash: md5
      md5: 57412d4fae398d43551c52ed7f0bc625
      size: 7373427
    - path: src/model/model_eval.py
      hash: md5
      md5: 047f64de9e9f355214e507d46fdf97a1
      size: 4313
    outs:
    - path: reports/metrics.json
      hash: md5
      md5: 588b9cba90aac5e78d1f8920c246dc5a
      size: 137
